
Microsoft Visual Studio Solution File, Format Version 12.00
# Visual Studio Version 16
VisualStudioVersion = 16.0.29519.181
MinimumVisualStudioVersion = 10.0.40219.1
Project("{FAE04EC0-301F-11D3-BF4B-00C04F79EFBC}") = "Negocio", "Negocio\Negocio.csproj", "{B5DE9B7C-FCCC-4200-8D3D-88D49BADE192}"
EndProject
Project("{FAE04EC0-301F-11D3-BF4B-00C04F79EFBC}") = "Web", "Web\Web.csproj", "{68578ADF-7A70-43EB-B97D-602F47C07E33}"
EndProject
Global
	GlobalSection(SolutionConfigurationPlatforms) = preSolution
		Debug|Any CPU = Debug|Any CPU
		Release|Any CPU = Release|Any CPU
	EndGlobalSection
	GlobalSection(ProjectConfigurationPlatforms) = postSolution
		{B5DE9B7C-FCCC-4200-8D3D-88D49BADE192}.Debug|Any CPU.ActiveCfg = Debug|Any CPU
		{B5DE9B7C-FCCC-4200-8D3D-88D49BADE192}.Debug|Any CPU.Build.0 = Debug|Any CPU
		{B5DE9B7C-FCCC-4200-8D3D-88D49BADE192}.Release|Any CPU.ActiveCfg = Release|Any CPU
		{B5DE9B7C-FCCC-4200-8D3D-88D49BADE192}.Release|Any CPU.Build.0 = Release|Any CPU
		{68578ADF-7A70-43EB-B97D-602F47C07E33}.Debug|Any CPU.ActiveCfg = Debug|Any CPU
		{68578ADF-7A70-43EB-B97D-602F47C07E33}.Debug|Any CPU.Build.0 = Debug|Any CPU
		{68578ADF-7A70-43EB-B97D-602F47C07E33}.Release|Any CPU.ActiveCfg = Release|Any CPU
		{68578ADF-7A70-43EB-B97D-602F47C07E33}.Release|Any CPU.Build.0 = Release|Any CPU
	EndGlobalSection
	GlobalSection(SolutionProperties) = preSolution
		HideSolutionNode = FALSE
	EndGlobalSection
	GlobalSection(ExtensibilityGlobals) = postSolution
		SolutionGuid = {9B137E6B-527A-405C-B235-D648F07F56B3}
	EndGlobalSection
EndGlobal
